{
  "lockfileVersion": 1,
  "configVersion": 1,
  "workspaces": {
    "": {
      "name": "@gpuix-ui/core",
      "dependencies": {
        "@gpuix/native": "0.9.0",
        "@gpuix/react": "0.9.0",
        "react": "19.3.0",
      },
      "devDependencies": {
        "@types/bun": "^1.2.0",
        "@types/react": "^19.2.0",
        "typescript": "^5.3.0",
      },
    },
  },
  "packages": {
    "@gpuix/native": ["@gpuix/native@0.9.0", "https://registry.npmmirror.com/@gpuix/native/-/native-0.9.0.tgz", { "optionalDependencies": { "@gpuix/native-darwin-arm64": "0.9.0", "@gpuix/native-linux-x64-gnu": "0.9.0", "@gpuix/native-win32-x64-msvc": "0.9.0" } }, "sha512-owb6ZgeuLSmWF7LTQMDpVuxPxz8ocykrLzYrv7sJlETOzQTv1sGJfv6V1f9XOI9tBMYlf5Fx4YwPjsNyUVcV3w=="],

    "@gpuix/native-darwin-arm64": ["@gpuix/native-darwin-arm64@0.9.0", "https://registry.npmmirror.com/@gpuix/native-darwin-arm64/-/native-darwin-arm64-0.9.0.tgz", { "os": "darwin", "cpu": "arm64" }, "sha512-lZEVM4lCKSfWo7B1pSNsupVzmgxJtXLsPWPCTDcm7GV0N7PgDR/kxhiISn26ma/f28araFVxC+VSkvjEZyNnbQ=="],

    "@gpuix/native-linux-x64-gnu": ["@gpuix/native-linux-x64-gnu@0.9.0", "https://registry.npmmirror.com/@gpuix/native-linux-x64-gnu/-/native-linux-x64-gnu-0.9.0.tgz", { "os": "linux", "cpu": "x64" }, "sha512-U0epiu0hMyU6ocJxpySCxw7Nwkbzm6v4agnrG/5QV8bhOMmGbg2n4SBMWsnvdAE4qkFD7KE9NB99cwe4qARzHw=="],

    "@gpuix/native-win32-x64-msvc": ["@gpuix/native-win32-x64-msvc@0.9.0", "https://registry.npmmirror.com/@gpuix/native-win32-x64-msvc/-/native-win32-x64-msvc-0.9.0.tgz", { "os": "win32", "cpu": "x64" }, "sha512-vOCoeoNZ4OVbo037VOQbvX9F9z8NoH6Q+N2g1BDOKZvt8YidC2KCQHAMEwRZ8Hh7HjCVEkegPFOu0HB1IE2Y7g=="],

    "@gpuix/react": ["@gpuix/react@0.9.0", "https://registry.npmmirror.com/@gpuix/react/-/react-0.9.0.tgz", { "dependencies": { "@gpuix/native": "^0.9.0", "eventsource-parser": "^4.1.0", "react-reconciler": "^0.31.0", "zod": "^4.4.3" }, "peerDependencies": { "react": "^18.0.0 || ^19.0.0" } }, "sha512-JzpVJDoY9a48K9PRBkWPuaplp8hnWX9u/zCdfzXEDfCfOhz7ft8cFAUuu9l69bz2r8MICW6DH0TvsKRUhQ0sWw=="],

    "@types/bun": ["@types/bun@1.4.2", "https://registry.npmmirror.com/@types/bun/-/bun-1.4.2.tgz", { "dependencies": { "bun-types": "1.4.2" } }, "sha512-GimotNn7+ZV0uVArItBbriZsR1oNf0+WTzPkdcFrzShI7k2norL0uzEaJT8T33dWr7O/c9ZDuAFQrctKCi72oQ=="],

    "@types/node": ["@types/node@22.20.3", "https://registry.npmmirror.com/@types/node/-/node-22.20.3.tgz", { "dependencies": { "undici-types": "~6.21.0" } }, "sha512-DZmzkmwHzXrLPAXPyKNDzlIwMMUZCVacoD25ywdy5YTKGbOx/2ld+Q38Im2zJ0vBuZP5Prd3VZutKZyXwkOS8A=="],

    "@types/react": ["@types/react@19.3.0", "https://registry.npmmirror.com/@types/react/-/react-19.3.0.tgz", { "dependencies": { "csstype": "^3.2.2" } }, "sha512-N0rFCuH9YoxG9/m61l9MfpJKfmLOVU0em7ipIz6TRgSSkvReLB9vL85GB+yr8Bs5leqpvg96JSwF4ZS1s4viQg=="],

    "bun-types": ["bun-types@1.4.2", "https://registry.npmmirror.com/bun-types/-/bun-types-1.4.2.tgz", { "dependencies": { "@types/node": "*" } }, "sha512-bxV1FgK7yBIzjRe5zBozIM4Bem11ZJcCXSrjWRG3YWLt8yFDePu4cLjpebO8OvPeIE9trbyPF4fuj3Cia4Fj3w=="],

    "csstype": ["csstype@3.2.3", "https://registry.npmmirror.com/csstype/-/csstype-3.2.3.tgz", {}, "sha512-z1HGKcYy2xA8AGQfwrn0PAy+PB7X/GSj3UVJW9qKyn43xWa+gl5nXmU4qqLMRzWVLFC8KusUX8T/0kCiOYpAIQ=="],

    "eventsource-parser": ["eventsource-parser@4.1.1", "https://registry.npmmirror.com/eventsource-parser/-/eventsource-parser-4.1.1.tgz", {}, "sha512-zaWNqeSLeyzEAAt2Q6aDBRDRk/VnPmsKqvToyGvv6aahvLv71A4Jw7jG93Hckf11zXurbqgsffvpSgKPoeU1Qw=="],

    "react": ["react@19.3.0", "https://registry.npmmirror.com/react/-/react-19.3.0.tgz", {}, "sha512-E8LUcbtBWt20bbl2YoHfx4ZDBdxVTfOKtCZn9cDSJ4l6/nuoApcpIBcj47t2wZoVX8g2ZHuMHbiShgCR1T5Sog=="],

    "react-reconciler": ["react-reconciler@0.31.0", "https://registry.npmmirror.com/react-reconciler/-/react-reconciler-0.31.0.tgz", { "dependencies": { "scheduler": "^0.25.0" }, "peerDependencies": { "react": "^19.0.0" } }, "sha512-7Ob7Z+URmesIsIVRjnLoDGwBEG/tVitidU0nMsqX/eeJaLY89RISO/10ERe0MqmzuKUUB1rmY+h1itMbUHg9BQ=="],

    "scheduler": ["scheduler@0.25.0", "https://registry.npmmirror.com/scheduler/-/scheduler-0.25.0.tgz", {}, "sha512-xFVuu11jh+xcO7JOAGJNOXld8/TcEHK/4CituBUeUb5hqxJLj9YuemAEuvm9gQ/+pgXYfbQuqAkiYu+u7YEsNA=="],

    "typescript": ["typescript@5.9.3", "https://registry.npmmirror.com/typescript/-/typescript-5.9.3.tgz", { "bin": { "tsc": "bin/tsc", "tsserver": "bin/tsserver" } }, "sha512-jl1vZzPDinLr9eUt3J/t7V6FgNEw9QjvBPdysz9KfQDD41fQrC2Y4vKQdiaUpFT4bXlb1RHhLpp8wtm6M5TgSw=="],

    "undici-types": ["undici-types@6.21.0", "https://registry.npmmirror.com/undici-types/-/undici-types-6.21.0.tgz", {}, "sha512-iwDZqg0QAGrg9Rav5H4n0M64c3mkR59cJ6wQp+7C4nI0gsmExaedaYLNO44eT4AtBBwjbTiGPMlt2Md0T9H9JQ=="],

    "zod": ["zod@4.6.5", "https://registry.npmmirror.com/zod/-/zod-4.6.5.tgz", {}, "sha512-v5l/aFXZQeai4awLbOpSoHecE9UiMrnfx75tEXLjNonXVARxQ5mOeipTjROUchszUNCqnE+hqAMujRsRHsut2Q=="],
  }
}
